// !$*UTF8*$!
{
	archiveVersion = 1;
	classes = {
	};
	objectVersion = 46;
	objects = {

/* Begin PBXBuildFile section */
		721DC91F1A7FB7B40035C1C0 /* AppDelegate.swift in Sources */ = {isa = PBXBuildFile; fileRef = 721DC91E1A7FB7B40035C1C0 /* AppDelegate.swift */; };
		721DC9221A7FB7B40035C1C0 /* md.xcdatamodeld in Sources */ = {isa = PBXBuildFile; fileRef = 721DC9201A7FB7B40035C1C0 /* md.xcdatamodeld */; };
		721DC9241A7FB7B40035C1C0 /* MasterViewController.swift in Sources */ = {isa = PBXBuildFile; fileRef = 721DC9231A7FB7B40035C1C0 /* MasterViewController.swift */; };
		721DC9261A7FB7B40035C1C0 /* DetailViewController.swift in Sources */ = {isa = PBXBuildFile; fileRef = 721DC9251A7FB7B40035C1C0 /* DetailViewController.swift */; };
		721DC9291A7FB7B40035C1C0 /* Main.storyboard in Resources */ = {isa = PBXBuildFile; fileRef = 721DC9271A7FB7B40035C1C0 /* Main.storyboard */; };
		721DC92B1A7FB7B40035C1C0 /* Images.xcassets in Resources */ = {isa = PBXBuildFile; fileRef = 721DC92A1A7FB7B40035C1C0 /* Images.xcassets */; };
		721DC92E1A7FB7B40035C1C0 /* LaunchScreen.xib in Resources */ = {isa = PBXBuildFile; fileRef = 721DC92C1A7FB7B40035C1C0 /* LaunchScreen.xib */; };
		721DC93A1A7FB7B40035C1C0 /* mdTests.swift in Sources */ = {isa = PBXBuildFile; fileRef = 721DC9391A7FB7B40035C1C0 /* mdTests.swift */; };
/* End PBXBuildFile section */

/* Begin PBXContainerItemProxy section */
		721DC9341A7FB7B40035C1C0 /* PBXContainerItemProxy */ = {
			isa = PBXContainerItemProxy;
			containerPortal = 721DC9111A7FB7B40035C1C0 /* Project object */;
			proxyType = 1;
			remoteGlobalIDString = 721DC9181A7FB7B40035C1C0;
			remoteInfo = md;
		};
/* End PBXContainerItemProxy section */

/* Begin PBXFileReference section */
		721DC9191A7FB7B40035C1C0 /* md.app */ = {isa = PBXFileReference; explicitFileType = wrapper.application; includeInIndex = 0; path = md.app; sourceTree = BUILT_PRODUCTS_DIR; };
		721DC91D1A7FB7B40035C1C0 /* Info.plist */ = {isa = PBXFileReference; lastKnownFileType = text.plist.xml; path = Info.plist; sourceTree = "<group>"; };
		721DC91E1A7FB7B40035C1C0 /* AppDelegate.swift */ = {isa = PBXFileReference; lastKnownFileType = sourcecode.swift; path = AppDelegate.swift; sourceTree = "<group>"; };
		721DC9211A7FB7B40035C1C0 /* md.xcdatamodel */ = {isa = PBXFileReference; lastKnownFileType = wrapper.xcdatamodel; path = md.xcdatamodel; sourceTree = "<group>"; };
		721DC9231A7FB7B40035C1C0 /* MasterViewController.swift */ = {isa = PBXFileReference; lastKnownFileType = sourcecode.swift; path = MasterViewController.swift; sourceTree = "<group>"; };
		721DC9251A7FB7B40035C1C0 /* DetailViewController.swift */ = {isa = PBXFileReference; lastKnownFileType = sourcecode.swift; path = DetailViewController.swift; sourceTree = "<group>"; };
		721DC9281A7FB7B40035C1C0 /* Base */ = {isa = PBXFileReference; lastKnownFileType = file.storyboard; name = Base; path = Base.lproj/Main.storyboard; sourceTree = "<group>"; };
		721DC92A1A7FB7B40035C1C0 /* Images.xcassets */ = {isa = PBXFileReference; lastKnownFileType = folder.assetcatalog; path = Images.xcassets; sourceTree = "<group>"; };
		721DC92D1A7FB7B40035C1C0 /* Base */ = {isa = PBXFileReference; lastKnownFileType = file.xib; name = Base; path = Base.lproj/LaunchScreen.xib; sourceTree = "<group>"; };
		721DC9331A7FB7B40035C1C0 /* mdTests.xctest */ = {isa = PBXFileReference; explicitFileType = wrapper.cfbundle; includeInIndex = 0; path = mdTests.xctest; sourceTree = BUILT_PRODUCTS_DIR; };
		721DC9381A7FB7B40035C1C0 /* Info.plist */ = {isa = PBXFileReference; lastKnownFileType = text.plist.xml; path = Info.plist; sourceTree = "<group>"; };
		721DC9391A7FB7B40035C1C0 /* mdTests.swift */ = {isa = PBXFileReference; lastKnownFileType = sourcecode.swift; path = mdTests.swift; sourceTree = "<group>"; };
/* End PBXFileReference section */

/* Begin PBXFrameworksBuildPhase section */
		721DC9161A7FB7B40035C1C0 /* Frameworks */ = {
			isa = PBXFrameworksBuildPhase;
			buildActionMask = 2147483647;
			files = (
			);
			runOnlyForDeploymentPostprocessing = 0;
		};
		721DC9301A7FB7B40035C1C0 /* Frameworks */ = {
			isa = PBXFrameworksBuildPhase;
			buildActionMask = 2147483647;
			files = (
			);
			runOnlyForDeploymentPostprocessing = 0;
		};
/* End PBXFrameworksBuildPhase section */

/* Begin PBXGroup section */
		721DC9101A7FB7B40035C1C0 = {
			isa = PBXGroup;
			children = (
				721DC91B1A7FB7B40035C1C0 /* md */,
				721DC9361A7FB7B40035C1C0 /* mdTests */,
				721DC91A1A7FB7B40035C1C0 /* Products */,
			);
			sourceTree = "<group>";
		};
		721DC91A1A7FB7B40035C1C0 /* Products */ = {
			isa = PBXGroup;
			children = (
				721DC9191A7FB7B40035C1C0 /* md.app */,
				721DC9331A7FB7B40035C1C0 /* mdTests.xctest */,
			);
			name = Products;
			sourceTree = "<group>";
		};
		721DC91B1A7FB7B40035C1C0 /* md */ = {
			isa = PBXGroup;
			children = (
				721DC91E1A7FB7B40035C1C0 /* AppDelegate.swift */,
				721DC9231A7FB7B40035C1C0 /* MasterViewController.swift */,
				721DC9251A7FB7B40035C1C0 /* DetailViewController.swift */,
				721DC9271A7FB7B40035C1C0 /* Main.storyboard */,
				721DC92A1A7FB7B40035C1C0 /* Images.xcassets */,
				721DC92C1A7FB7B40035C1C0 /* LaunchScreen.xib */,
				721DC9201A7FB7B40035C1C0 /* md.xcdatamodeld */,
				721DC91C1A7FB7B40035C1C0 /* Supporting Files */,
			);
			path = md;
			sourceTree = "<group>";
		};
		721DC91C1A7FB7B40035C1C0 /* Supporting Files */ = {
			isa = PBXGroup;
			children = (
				721DC91D1A7FB7B40035C1C0 /* Info.plist */,
			);
			name = "Supporting Files";
			sourceTree = "<group>";
		};
		721DC9361A7FB7B40035C1C0 /* mdTests */ = {
			isa = PBXGroup;
			children = (
				721DC9391A7FB7B40035C1C0 /* mdTests.swift */,
				721DC9371A7FB7B40035C1C0 /* Supporting Files */,
			);
			path = mdTests;
			sourceTree = "<group>";
		};
		721DC9371A7FB7B40035C1C0 /* Supporting Files */ = {
			isa = PBXGroup;
			children = (
				721DC9381A7FB7B40035C1C0 /* Info.plist */,
			);
			name = "Supporting Files";
			sourceTree = "<group>";
		};
/* End PBXGroup section */

/* Begin PBXNativeTarget section */
		721DC9181A7FB7B40035C1C0 /* md */ = {
			isa = PBXNativeTarget;
			buildConfigurationList = 721DC93D1A7FB7B40035C1C0 /* Build configuration list for PBXNativeTarget "md" */;
			buildPhases = (
				721DC9151A7FB7B40035C1C0 /* Sources */,
				721DC9161A7FB7B40035C1C0 /* Frameworks */,
				721DC9171A7FB7B40035C1C0 /* Resources */,
			);
			buildRules = (
			);
			dependencies = (
			);
			name = md;
			productName = md;
			productReference = 721DC9191A7FB7B40035C1C0 /* md.app */;
			productType = "com.apple.product-type.application";
		};
		721DC9321A7FB7B40035C1C0 /* mdTests */ = {
			isa = PBXNativeTarget;
			buildConfigurationList = 721DC9401A7FB7B40035C1C0 /* Build configuration list for PBXNativeTarget "mdTests" */;
			buildPhases = (
				721DC92F1A7FB7B40035C1C0 /* Sources */,
				721DC9301A7FB7B40035C1C0 /* Frameworks */,
				721DC9311A7FB7B40035C1C0 /* Resources */,
			);
			buildRules = (
			);
			dependencies = (
				721DC9351A7FB7B40035C1C0 /* PBXTargetDependency */,
			);
			name = mdTests;
			productName = mdTests;
			productReference = 721DC9331A7FB7B40035C1C0 /* mdTests.xctest */;
			productType = "com.apple.product-type.bundle.unit-test";
		};
/* End PBXNativeTarget section */

/* Begin PBXProject section */
		721DC9111A7FB7B40035C1C0 /* Project object */ = {
			isa = PBXProject;
			attributes = {
				LastUpgradeCheck = 0610;
				ORGANIZATIONNAME = KKAwesome;
				TargetAttributes = {
					721DC9181A7FB7B40035C1C0 = {
						CreatedOnToolsVersion = 6.1;
					};
					721DC9321A7FB7B40035C1C0 = {
						CreatedOnToolsVersion = 6.1;
						TestTargetID = 721DC9181A7FB7B40035C1C0;
					};
				};
			};
			buildConfigurationList = 721DC9141A7FB7B40035C1C0 /* Build configuration list for PBXProject "md" */;
			compatibilityVersion = "Xcode 3.2";
			developmentRegion = English;
			hasScannedForEncodings = 0;
			knownRegions = (
				en,
				Base,
			);
			mainGroup = 721DC9101A7FB7B40035C1C0;
			productRefGroup = 721DC91A1A7FB7B40035C1C0 /* Products */;
			projectDirPath = "";
			projectRoot = "";
			targets = (
				721DC9181A7FB7B40035C1C0 /* md */,
				721DC9321A7FB7B40035C1C0 /* mdTests */,
			);
		};
/* End PBXProject section */

/* Begin PBXResourcesBuildPhase section */
		721DC9171A7FB7B40035C1C0 /* Resources */ = {
			isa = PBXResourcesBuildPhase;
			buildActionMask = 2147483647;
			files = (
				721DC9291A7FB7B40035C1C0 /* Main.storyboard in Resources */,
				721DC92E1A7FB7B40035C1C0 /* LaunchScreen.xib in Resources */,
				721DC92B1A7FB7B40035C1C0 /* Images.xcassets in Resources */,
			);
			runOnlyForDeploymentPostprocessing = 0;
		};
		721DC9311A7FB7B40035C1C0 /* Resources */ = {
			isa = PBXResourcesBuildPhase;
			buildActionMask = 2147483647;
			files = (
			);
			runOnlyForDeploymentPostprocessing = 0;
		};
/* End PBXResourcesBuildPhase section */

/* Begin PBXSourcesBuildPhase section */
		721DC9151A7FB7B40035C1C0 /* Sources */ = {
			isa = PBXSourcesBuildPhase;
			buildActionMask = 2147483647;
			files = (
				721DC9221A7FB7B40035C1C0 /* md.xcdatamodeld in Sources */,
				721DC91F1A7FB7B40035C1C0 /* AppDelegate.swift in Sources */,
				721DC9241A7FB7B40035C1C0 /* MasterViewController.swift in Sources */,
				721DC9261A7FB7B40035C1C0 /* DetailViewController.swift in Sources */,
			);
			runOnlyForDeploymentPostprocessing = 0;
		};
		721DC92F1A7FB7B40035C1C0 /* Sources */ = {
			isa = PBXSourcesBuildPhase;
			buildActionMask = 2147483647;
			files = (
				721DC93A1A7FB7B40035C1C0 /* mdTests.swift in Sources */,
			);
			runOnlyForDeploymentPostprocessing = 0;
		};
/* End PBXSourcesBuildPhase section */

/* Begin PBXTargetDependency section */
		721DC9351A7FB7B40035C1C0 /* PBXTargetDependency */ = {
			isa = PBXTargetDependency;
			target = 721DC9181A7FB7B40035C1C0 /* md */;
			targetProxy = 721DC9341A7FB7B40035C1C0 /* PBXContainerItemProxy */;
		};
/* End PBXTargetDependency section */

/* Begin PBXVariantGroup section */
		721DC9271A7FB7B40035C1C0 /* Main.storyboard */ = {
			isa = PBXVariantGroup;
			children = (
				721DC9281A7FB7B40035C1C0 /* Base */,
			);
			name = Main.storyboard;
			sourceTree = "<group>";
		};
		721DC92C1A7FB7B40035C1C0 /* LaunchScreen.xib */ = {
			isa = PBXVariantGroup;
			children = (
				721DC92D1A7FB7B40035C1C0 /* Base */,
			);
			name = LaunchScreen.xib;
			sourceTree = "<group>";
		};
/* End PBXVariantGroup section */

/* Begin XCBuildConfiguration section */
		721DC93B1A7FB7B40035C1C0 /* Debug */ = {
			isa = XCBuildConfiguration;
			buildSettings = {
				ALWAYS_SEARCH_USER_PATHS = NO;
				CLANG_CXX_LANGUAGE_STANDARD = "gnu++0x";
				CLANG_CXX_LIBRARY = "libc++";
				CLANG_ENABLE_MODULES = YES;
				CLANG_ENABLE_OBJC_ARC = YES;
				CLANG_WARN_BOOL_CONVERSION = YES;
				CLANG_WARN_CONSTANT_CONVERSION = YES;
				CLANG_WARN_DIRECT_OBJC_ISA_USAGE = YES_ERROR;
				CLANG_WARN_EMPTY_BODY = YES;
				CLANG_WARN_ENUM_CONVERSION = YES;
				CLANG_WARN_INT_CONVERSION = YES;
				CLANG_WARN_OBJC_ROOT_CLASS = YES_ERROR;
				CLANG_WARN_UNREACHABLE_CODE = YES;
				CLANG_WARN__DUPLICATE_METHOD_MATCH = YES;
				"CODE_SIGN_IDENTITY[sdk=iphoneos*]" = "iPhone Developer";
				COPY_PHASE_STRIP = NO;
				ENABLE_STRICT_OBJC_MSGSEND = YES;
				GCC_C_LANGUAGE_STANDARD = gnu99;
				GCC_DYNAMIC_NO_PIC = NO;
				GCC_OPTIMIZATION_LEVEL = 0;
				GCC_PREPROCESSOR_DEFINITIONS = (
					"DEBUG=1",
					"$(inherited)",
				);
				GCC_SYMBOLS_PRIVATE_EXTERN = NO;
				GCC_WARN_64_TO_32_BIT_CONVERSION = YES;
				GCC_WARN_ABOUT_RETURN_TYPE = YES_ERROR;
				GCC_WARN_UNDECLARED_SELECTOR = YES;
				GCC_WARN_UNINITIALIZED_AUTOS = YES_AGGRESSIVE;
				GCC_WARN_UNUSED_FUNCTION = YES;
				GCC_WARN_UNUSED_VARIABLE = YES;
				IPHONEOS_DEPLOYMENT_TARGET = 8.1;
				MTL_ENABLE_DEBUG_INFO = YES;
				ONLY_ACTIVE_ARCH = YES;
				SDKROOT = iphoneos;
				SWIFT_OPTIMIZATION_LEVEL = "-Onone";
			};
			name = Debug;
		};
		721DC93C1A7FB7B40035C1C0 /* Release */ = {
			isa = XCBuildConfiguration;
			buildSettings = {
				ALWAYS_SEARCH_USER_PATHS = NO;
				CLANG_CXX_LANGUAGE_STANDARD = "gnu++0x";
				CLANG_CXX_LIBRARY = "libc++";
				CLANG_ENABLE_MODULES = YES;
				CLANG_ENABLE_OBJC_ARC = YES;
				CLANG_WARN_BOOL_CONVERSION = YES;
				CLANG_WARN_CONSTANT_CONVERSION = YES;
				CLANG_WARN_DIRECT_OBJC_ISA_USAGE = YES_ERROR;
				CLANG_WARN_EMPTY_BODY = YES;
				CLANG_WARN_ENUM_CONVERSION = YES;
				CLANG_WARN_INT_CONVERSION = YES;
				CLANG_WARN_OBJC_ROOT_CLASS = YES_ERROR;
				CLANG_WARN_UNREACHABLE_CODE = YES;
				CLANG_WARN__DUPLICATE_METHOD_MATCH = YES;
				"CODE_SIGN_IDENTITY[sdk=iphoneos*]" = "iPhone Developer";
				COPY_PHASE_STRIP = YES;
				ENABLE_NS_ASSERTIONS = NO;
				ENABLE_STRICT_OBJC_MSGSEND = YES;
				GCC_C_LANGUAGE_STANDARD = gnu99;
				GCC_WARN_64_TO_32_BIT_CONVERSION = YES;
				GCC_WARN_ABOUT_RETURN_TYPE = YES_ERROR;
				GCC_WARN_UNDECLARED_SELECTOR = YES;
				GCC_WARN_UNINITIALIZED_AUTOS = YES_AGGRESSIVE;
				GCC_WARN_UNUSED_FUNCTION = YES;
				GCC_WARN_UNUSED_VARIABLE = YES;
				IPHONEOS_DEPLOYMENT_TARGET = 8.1;
				MTL_ENABLE_DEBUG_INFO = NO;
				SDKROOT = iphoneos;
				VALIDATE_PRODUCT = YES;
			};
			name = Release;
		};
		721DC93E1A7FB7B40035C1C0 /* Debug */ = {
			isa = XCBuildConfiguration;
			buildSettings = {
				ASSETCATALOG_COMPILER_APPICON_NAME = AppIcon;
				INFOPLIST_FILE = md/Info.plist;
				LD_RUNPATH_SEARCH_PATHS = "$(inherited) @executable_path/Frameworks";
				PRODUCT_NAME = "$(TARGET_NAME)";
			};
			name = Debug;
		};
		721DC93F1A7FB7B40035C1C0 /* Release */ = {
			isa = XCBuildConfiguration;
			buildSettings = {
				ASSETCATALOG_COMPILER_APPICON_NAME = AppIcon;
				INFOPLIST_FILE = md/Info.plist;
				LD_RUNPATH_SEARCH_PATHS = "$(inherited) @executable_path/Frameworks";
				PRODUCT_NAME = "$(TARGET_NAME)";
			};
			name = Release;
		};
		721DC9411A7FB7B40035C1C0 /* Debug */ = {
			isa = XCBuildConfiguration;
			buildSettings = {
				BUNDLE_LOADER = "$(TEST_HOST)";
				FRAMEWORK_SEARCH_PATHS = (
					"$(SDKROOT)/Developer/Library/Frameworks",
					"$(inherited)",
				);
				GCC_PREPROCESSOR_DEFINITIONS = (
					"DEBUG=1",
					"$(inherited)",
				);
				INFOPLIST_FILE = mdTests/Info.plist;
				LD_RUNPATH_SEARCH_PATHS = "$(inherited) @executable_path/Frameworks @loader_path/Frameworks";
				PRODUCT_NAME = "$(TARGET_NAME)";
				TEST_HOST = "$(BUILT_PRODUCTS_DIR)/md.app/md";
			};
			name = Debug;
		};
		721DC9421A7FB7B40035C1C0 /* Release */ = {
			isa = XCBuildConfiguration;
			buildSettings = {
				BUNDLE_LOADER = "$(TEST_HOST)";
				FRAMEWORK_SEARCH_PATHS = (
					"$(SDKROOT)/Developer/Library/Frameworks",
					"$(inherited)",
				);
				INFOPLIST_FILE = mdTests/Info.plist;
				LD_RUNPATH_SEARCH_PATHS = "$(inherited) @executable_path/Frameworks @loader_path/Frameworks";
				PRODUCT_NAME = "$(TARGET_NAME)";
				TEST_HOST = "$(BUILT_PRODUCTS_DIR)/md.app/md";
			};
			name = Release;
		};
/* End XCBuildConfiguration section */

/* Begin XCConfigurationList section */
		721DC9141A7FB7B40035C1C0 /* Build configuration list for PBXProject "md" */ = {
			isa = XCConfigurationList;
			buildConfigurations = (
				721DC93B1A7FB7B40035C1C0 /* Debug */,
				721DC93C1A7FB7B40035C1C0 /* Release */,
			);
			defaultConfigurationIsVisible = 0;
			defaultConfigurationName = Release;
		};
		721DC93D1A7FB7B40035C1C0 /* Build configuration list for PBXNativeTarget "md" */ = {
			isa = XCConfigurationList;
			buildConfigurations = (
				721DC93E1A7FB7B40035C1C0 /* Debug */,
				721DC93F1A7FB7B40035C1C0 /* Release */,
			);
			defaultConfigurationIsVisible = 0;
		};
		721DC9401A7FB7B40035C1C0 /* Build configuration list for PBXNativeTarget "mdTests" */ = {
			isa = XCConfigurationList;
			buildConfigurations = (
				721DC9411A7FB7B40035C1C0 /* Debug */,
				721DC9421A7FB7B40035C1C0 /* Release */,
			);
			defaultConfigurationIsVisible = 0;
		};
/* End XCConfigurationList section */

/* Begin XCVersionGroup section */
		721DC9201A7FB7B40035C1C0 /* md.xcdatamodeld */ = {
			isa = XCVersionGroup;
			children = (
				721DC9211A7FB7B40035C1C0 /* md.xcdatamodel */,
			);
			currentVersion = 721DC9211A7FB7B40035C1C0 /* md.xcdatamodel */;
			path = md.xcdatamodeld;
			sourceTree = "<group>";
			versionGroupType = wrapper.xcdatamodel;
		};
/* End XCVersionGroup section */
	};
	rootObject = 721DC9111A7FB7B40035C1C0 /* Project object */;
}
