// !$*UTF8*$!
{
	archiveVersion = 1;
	classes = {
	};
	objectVersion = 46;
	objects = {

/* Begin PBXBuildFile section */
		72E380F81A6AC34A00E56F81 /* AppDelegate.swift in Sources */ = {isa = PBXBuildFile; fileRef = 72E380F71A6AC34A00E56F81 /* AppDelegate.swift */; };
		72E380FA1A6AC34A00E56F81 /* ViewController.swift in Sources */ = {isa = PBXBuildFile; fileRef = 72E380F91A6AC34A00E56F81 /* ViewController.swift */; };
		72E380FD1A6AC34A00E56F81 /* Main.storyboard in Resources */ = {isa = PBXBuildFile; fileRef = 72E380FB1A6AC34A00E56F81 /* Main.storyboard */; };
		72E380FF1A6AC34A00E56F81 /* Images.xcassets in Resources */ = {isa = PBXBuildFile; fileRef = 72E380FE1A6AC34A00E56F81 /* Images.xcassets */; };
		72E381021A6AC34A00E56F81 /* LaunchScreen.xib in Resources */ = {isa = PBXBuildFile; fileRef = 72E381001A6AC34A00E56F81 /* LaunchScreen.xib */; };
		72E3810E1A6AC34A00E56F81 /* RescueTests.swift in Sources */ = {isa = PBXBuildFile; fileRef = 72E3810D1A6AC34A00E56F81 /* RescueTests.swift */; };
		72E3811B1A6AC9EB00E56F81 /* NavViewController.swift in Sources */ = {isa = PBXBuildFile; fileRef = 72E3811A1A6AC9EB00E56F81 /* NavViewController.swift */; };
		72E3811D1A6ACEF100E56F81 /* LeftViewController.swift in Sources */ = {isa = PBXBuildFile; fileRef = 72E3811C1A6ACEF100E56F81 /* LeftViewController.swift */; };
		72F4D09A1A6B6531009E296B /* SideBarTableViewController.swift in Sources */ = {isa = PBXBuildFile; fileRef = 72F4D0991A6B6531009E296B /* SideBarTableViewController.swift */; };
		72F4D09C1A6B6987009E296B /* SideBar.swift in Sources */ = {isa = PBXBuildFile; fileRef = 72F4D09B1A6B6987009E296B /* SideBar.swift */; };
		72F4D09E1A6B905C009E296B /* MapViewController.swift in Sources */ = {isa = PBXBuildFile; fileRef = 72F4D09D1A6B905C009E296B /* MapViewController.swift */; };
		72F4D0A01A6B9FFA009E296B /* Reachability.swift in Sources */ = {isa = PBXBuildFile; fileRef = 72F4D09F1A6B9FFA009E296B /* Reachability.swift */; };
		72F4D0A21A6BB649009E296B /* MapKit.framework in Frameworks */ = {isa = PBXBuildFile; fileRef = 72F4D0A11A6BB649009E296B /* MapKit.framework */; };
		72F4D0A41A6C0500009E296B /* KTAnnotationView.swift in Sources */ = {isa = PBXBuildFile; fileRef = 72F4D0A31A6C0500009E296B /* KTAnnotationView.swift */; };
		72F4D0A61A6C0F4D009E296B /* KTAnnotation.swift in Sources */ = {isa = PBXBuildFile; fileRef = 72F4D0A51A6C0F4D009E296B /* KTAnnotation.swift */; };
		72F4D0AE1A6C2030009E296B /* CalloutDirectionsView.xib in Resources */ = {isa = PBXBuildFile; fileRef = 72F4D0AD1A6C2030009E296B /* CalloutDirectionsView.xib */; };
		72F4D0B01A6C23D7009E296B /* CalloutDirectionsView.swift in Sources */ = {isa = PBXBuildFile; fileRef = 72F4D0AF1A6C23D7009E296B /* CalloutDirectionsView.swift */; };
/* End PBXBuildFile section */

/* Begin PBXContainerItemProxy section */
		72E381081A6AC34A00E56F81 /* PBXContainerItemProxy */ = {
			isa = PBXContainerItemProxy;
			containerPortal = 72E380EA1A6AC34A00E56F81 /* Project object */;
			proxyType = 1;
			remoteGlobalIDString = 72E380F11A6AC34A00E56F81;
			remoteInfo = Rescue;
		};
/* End PBXContainerItemProxy section */

/* Begin PBXFileReference section */
		72E380F21A6AC34A00E56F81 /* Rescue.app */ = {isa = PBXFileReference; explicitFileType = wrapper.application; includeInIndex = 0; path = Rescue.app; sourceTree = BUILT_PRODUCTS_DIR; };
		72E380F61A6AC34A00E56F81 /* Info.plist */ = {isa = PBXFileReference; lastKnownFileType = text.plist.xml; path = Info.plist; sourceTree = "<group>"; };
		72E380F71A6AC34A00E56F81 /* AppDelegate.swift */ = {isa = PBXFileReference; lastKnownFileType = sourcecode.swift; path = AppDelegate.swift; sourceTree = "<group>"; };
		72E380F91A6AC34A00E56F81 /* ViewController.swift */ = {isa = PBXFileReference; lastKnownFileType = sourcecode.swift; path = ViewController.swift; sourceTree = "<group>"; };
		72E380FC1A6AC34A00E56F81 /* Base */ = {isa = PBXFileReference; lastKnownFileType = file.storyboard; name = Base; path = Base.lproj/Main.storyboard; sourceTree = "<group>"; };
		72E380FE1A6AC34A00E56F81 /* Images.xcassets */ = {isa = PBXFileReference; lastKnownFileType = folder.assetcatalog; path = Images.xcassets; sourceTree = "<group>"; };
		72E381011A6AC34A00E56F81 /* Base */ = {isa = PBXFileReference; lastKnownFileType = file.xib; name = Base; path = Base.lproj/LaunchScreen.xib; sourceTree = "<group>"; };
		72E381071A6AC34A00E56F81 /* RescueTests.xctest */ = {isa = PBXFileReference; explicitFileType = wrapper.cfbundle; includeInIndex = 0; path = RescueTests.xctest; sourceTree = BUILT_PRODUCTS_DIR; };
		72E3810C1A6AC34A00E56F81 /* Info.plist */ = {isa = PBXFileReference; lastKnownFileType = text.plist.xml; path = Info.plist; sourceTree = "<group>"; };
		72E3810D1A6AC34A00E56F81 /* RescueTests.swift */ = {isa = PBXFileReference; lastKnownFileType = sourcecode.swift; path = RescueTests.swift; sourceTree = "<group>"; };
		72E3811A1A6AC9EB00E56F81 /* NavViewController.swift */ = {isa = PBXFileReference; fileEncoding = 4; lastKnownFileType = sourcecode.swift; path = NavViewController.swift; sourceTree = "<group>"; };
		72E3811C1A6ACEF100E56F81 /* LeftViewController.swift */ = {isa = PBXFileReference; fileEncoding = 4; lastKnownFileType = sourcecode.swift; path = LeftViewController.swift; sourceTree = "<group>"; };
		72F4D0991A6B6531009E296B /* SideBarTableViewController.swift */ = {isa = PBXFileReference; fileEncoding = 4; lastKnownFileType = sourcecode.swift; path = SideBarTableViewController.swift; sourceTree = "<group>"; };
		72F4D09B1A6B6987009E296B /* SideBar.swift */ = {isa = PBXFileReference; fileEncoding = 4; lastKnownFileType = sourcecode.swift; path = SideBar.swift; sourceTree = "<group>"; };
		72F4D09D1A6B905C009E296B /* MapViewController.swift */ = {isa = PBXFileReference; fileEncoding = 4; lastKnownFileType = sourcecode.swift; path = MapViewController.swift; sourceTree = "<group>"; };
		72F4D09F1A6B9FFA009E296B /* Reachability.swift */ = {isa = PBXFileReference; fileEncoding = 4; lastKnownFileType = sourcecode.swift; path = Reachability.swift; sourceTree = "<group>"; };
		72F4D0A11A6BB649009E296B /* MapKit.framework */ = {isa = PBXFileReference; lastKnownFileType = wrapper.framework; name = MapKit.framework; path = System/Library/Frameworks/MapKit.framework; sourceTree = SDKROOT; };
		72F4D0A31A6C0500009E296B /* KTAnnotationView.swift */ = {isa = PBXFileReference; fileEncoding = 4; lastKnownFileType = sourcecode.swift; path = KTAnnotationView.swift; sourceTree = "<group>"; };
		72F4D0A51A6C0F4D009E296B /* KTAnnotation.swift */ = {isa = PBXFileReference; fileEncoding = 4; lastKnownFileType = sourcecode.swift; path = KTAnnotation.swift; sourceTree = "<group>"; };
		72F4D0AD1A6C2030009E296B /* CalloutDirectionsView.xib */ = {isa = PBXFileReference; fileEncoding = 4; lastKnownFileType = file.xib; path = CalloutDirectionsView.xib; sourceTree = "<group>"; };
		72F4D0AF1A6C23D7009E296B /* CalloutDirectionsView.swift */ = {isa = PBXFileReference; fileEncoding = 4; lastKnownFileType = sourcecode.swift; path = CalloutDirectionsView.swift; sourceTree = "<group>"; };
/* End PBXFileReference section */

/* Begin PBXFrameworksBuildPhase section */
		72E380EF1A6AC34A00E56F81 /* Frameworks */ = {
			isa = PBXFrameworksBuildPhase;
			buildActionMask = 2147483647;
			files = (
				72F4D0A21A6BB649009E296B /* MapKit.framework in Frameworks */,
			);
			runOnlyForDeploymentPostprocessing = 0;
		};
		72E381041A6AC34A00E56F81 /* Frameworks */ = {
			isa = PBXFrameworksBuildPhase;
			buildActionMask = 2147483647;
			files = (
			);
			runOnlyForDeploymentPostprocessing = 0;
		};
/* End PBXFrameworksBuildPhase section */

/* Begin PBXGroup section */
		72E380E91A6AC34A00E56F81 = {
			isa = PBXGroup;
			children = (
				72F4D0A11A6BB649009E296B /* MapKit.framework */,
				72E380F41A6AC34A00E56F81 /* Rescue */,
				72E3810A1A6AC34A00E56F81 /* RescueTests */,
				72E380F31A6AC34A00E56F81 /* Products */,
			);
			sourceTree = "<group>";
		};
		72E380F31A6AC34A00E56F81 /* Products */ = {
			isa = PBXGroup;
			children = (
				72E380F21A6AC34A00E56F81 /* Rescue.app */,
				72E381071A6AC34A00E56F81 /* RescueTests.xctest */,
			);
			name = Products;
			sourceTree = "<group>";
		};
		72E380F41A6AC34A00E56F81 /* Rescue */ = {
			isa = PBXGroup;
			children = (
				72E381191A6AC9A300E56F81 /* KTMenu */,
				72E380F71A6AC34A00E56F81 /* AppDelegate.swift */,
				72F4D09F1A6B9FFA009E296B /* Reachability.swift */,
				72F4D09D1A6B905C009E296B /* MapViewController.swift */,
				72E380F91A6AC34A00E56F81 /* ViewController.swift */,
				72E380FB1A6AC34A00E56F81 /* Main.storyboard */,
				72E380FE1A6AC34A00E56F81 /* Images.xcassets */,
				72E381001A6AC34A00E56F81 /* LaunchScreen.xib */,
				72E380F51A6AC34A00E56F81 /* Supporting Files */,
				72F4D0A31A6C0500009E296B /* KTAnnotationView.swift */,
				72F4D0A51A6C0F4D009E296B /* KTAnnotation.swift */,
				72F4D0AD1A6C2030009E296B /* CalloutDirectionsView.xib */,
				72F4D0AF1A6C23D7009E296B /* CalloutDirectionsView.swift */,
			);
			path = Rescue;
			sourceTree = "<group>";
		};
		72E380F51A6AC34A00E56F81 /* Supporting Files */ = {
			isa = PBXGroup;
			children = (
				72E380F61A6AC34A00E56F81 /* Info.plist */,
			);
			name = "Supporting Files";
			sourceTree = "<group>";
		};
		72E3810A1A6AC34A00E56F81 /* RescueTests */ = {
			isa = PBXGroup;
			children = (
				72E3810D1A6AC34A00E56F81 /* RescueTests.swift */,
				72E3810B1A6AC34A00E56F81 /* Supporting Files */,
			);
			path = RescueTests;
			sourceTree = "<group>";
		};
		72E3810B1A6AC34A00E56F81 /* Supporting Files */ = {
			isa = PBXGroup;
			children = (
				72E3810C1A6AC34A00E56F81 /* Info.plist */,
			);
			name = "Supporting Files";
			sourceTree = "<group>";
		};
		72E381191A6AC9A300E56F81 /* KTMenu */ = {
			isa = PBXGroup;
			children = (
				72E3811A1A6AC9EB00E56F81 /* NavViewController.swift */,
				72E3811C1A6ACEF100E56F81 /* LeftViewController.swift */,
				72F4D0991A6B6531009E296B /* SideBarTableViewController.swift */,
				72F4D09B1A6B6987009E296B /* SideBar.swift */,
			);
			name = KTMenu;
			sourceTree = "<group>";
		};
/* End PBXGroup section */

/* Begin PBXNativeTarget section */
		72E380F11A6AC34A00E56F81 /* Rescue */ = {
			isa = PBXNativeTarget;
			buildConfigurationList = 72E381111A6AC34A00E56F81 /* Build configuration list for PBXNativeTarget "Rescue" */;
			buildPhases = (
				72E380EE1A6AC34A00E56F81 /* Sources */,
				72E380EF1A6AC34A00E56F81 /* Frameworks */,
				72E380F01A6AC34A00E56F81 /* Resources */,
			);
			buildRules = (
			);
			dependencies = (
			);
			name = Rescue;
			productName = Rescue;
			productReference = 72E380F21A6AC34A00E56F81 /* Rescue.app */;
			productType = "com.apple.product-type.application";
		};
		72E381061A6AC34A00E56F81 /* RescueTests */ = {
			isa = PBXNativeTarget;
			buildConfigurationList = 72E381141A6AC34A00E56F81 /* Build configuration list for PBXNativeTarget "RescueTests" */;
			buildPhases = (
				72E381031A6AC34A00E56F81 /* Sources */,
				72E381041A6AC34A00E56F81 /* Frameworks */,
				72E381051A6AC34A00E56F81 /* Resources */,
			);
			buildRules = (
			);
			dependencies = (
				72E381091A6AC34A00E56F81 /* PBXTargetDependency */,
			);
			name = RescueTests;
			productName = RescueTests;
			productReference = 72E381071A6AC34A00E56F81 /* RescueTests.xctest */;
			productType = "com.apple.product-type.bundle.unit-test";
		};
/* End PBXNativeTarget section */

/* Begin PBXProject section */
		72E380EA1A6AC34A00E56F81 /* Project object */ = {
			isa = PBXProject;
			attributes = {
				LastUpgradeCheck = 0610;
				ORGANIZATIONNAME = "Alex Chen";
				TargetAttributes = {
					72E380F11A6AC34A00E56F81 = {
						CreatedOnToolsVersion = 6.1;
					};
					72E381061A6AC34A00E56F81 = {
						CreatedOnToolsVersion = 6.1;
						TestTargetID = 72E380F11A6AC34A00E56F81;
					};
				};
			};
			buildConfigurationList = 72E380ED1A6AC34A00E56F81 /* Build configuration list for PBXProject "Rescue" */;
			compatibilityVersion = "Xcode 3.2";
			developmentRegion = English;
			hasScannedForEncodings = 0;
			knownRegions = (
				en,
				Base,
			);
			mainGroup = 72E380E91A6AC34A00E56F81;
			productRefGroup = 72E380F31A6AC34A00E56F81 /* Products */;
			projectDirPath = "";
			projectRoot = "";
			targets = (
				72E380F11A6AC34A00E56F81 /* Rescue */,
				72E381061A6AC34A00E56F81 /* RescueTests */,
			);
		};
/* End PBXProject section */

/* Begin PBXResourcesBuildPhase section */
		72E380F01A6AC34A00E56F81 /* Resources */ = {
			isa = PBXResourcesBuildPhase;
			buildActionMask = 2147483647;
			files = (
				72E380FD1A6AC34A00E56F81 /* Main.storyboard in Resources */,
				72F4D0AE1A6C2030009E296B /* CalloutDirectionsView.xib in Resources */,
				72E381021A6AC34A00E56F81 /* LaunchScreen.xib in Resources */,
				72E380FF1A6AC34A00E56F81 /* Images.xcassets in Resources */,
			);
			runOnlyForDeploymentPostprocessing = 0;
		};
		72E381051A6AC34A00E56F81 /* Resources */ = {
			isa = PBXResourcesBuildPhase;
			buildActionMask = 2147483647;
			files = (
			);
			runOnlyForDeploymentPostprocessing = 0;
		};
/* End PBXResourcesBuildPhase section */

/* Begin PBXSourcesBuildPhase section */
		72E380EE1A6AC34A00E56F81 /* Sources */ = {
			isa = PBXSourcesBuildPhase;
			buildActionMask = 2147483647;
			files = (
				72E380FA1A6AC34A00E56F81 /* ViewController.swift in Sources */,
				72F4D0A41A6C0500009E296B /* KTAnnotationView.swift in Sources */,
				72E3811D1A6ACEF100E56F81 /* LeftViewController.swift in Sources */,
				72E3811B1A6AC9EB00E56F81 /* NavViewController.swift in Sources */,
				72E380F81A6AC34A00E56F81 /* AppDelegate.swift in Sources */,
				72F4D09C1A6B6987009E296B /* SideBar.swift in Sources */,
				72F4D0B01A6C23D7009E296B /* CalloutDirectionsView.swift in Sources */,
				72F4D09A1A6B6531009E296B /* SideBarTableViewController.swift in Sources */,
				72F4D0A61A6C0F4D009E296B /* KTAnnotation.swift in Sources */,
				72F4D0A01A6B9FFA009E296B /* Reachability.swift in Sources */,
				72F4D09E1A6B905C009E296B /* MapViewController.swift in Sources */,
			);
			runOnlyForDeploymentPostprocessing = 0;
		};
		72E381031A6AC34A00E56F81 /* Sources */ = {
			isa = PBXSourcesBuildPhase;
			buildActionMask = 2147483647;
			files = (
				72E3810E1A6AC34A00E56F81 /* RescueTests.swift in Sources */,
			);
			runOnlyForDeploymentPostprocessing = 0;
		};
/* End PBXSourcesBuildPhase section */

/* Begin PBXTargetDependency section */
		72E381091A6AC34A00E56F81 /* PBXTargetDependency */ = {
			isa = PBXTargetDependency;
			target = 72E380F11A6AC34A00E56F81 /* Rescue */;
			targetProxy = 72E381081A6AC34A00E56F81 /* PBXContainerItemProxy */;
		};
/* End PBXTargetDependency section */

/* Begin PBXVariantGroup section */
		72E380FB1A6AC34A00E56F81 /* Main.storyboard */ = {
			isa = PBXVariantGroup;
			children = (
				72E380FC1A6AC34A00E56F81 /* Base */,
			);
			name = Main.storyboard;
			sourceTree = "<group>";
		};
		72E381001A6AC34A00E56F81 /* LaunchScreen.xib */ = {
			isa = PBXVariantGroup;
			children = (
				72E381011A6AC34A00E56F81 /* Base */,
			);
			name = LaunchScreen.xib;
			sourceTree = "<group>";
		};
/* End PBXVariantGroup section */

/* Begin XCBuildConfiguration section */
		72E3810F1A6AC34A00E56F81 /* Debug */ = {
			isa = XCBuildConfiguration;
			buildSettings = {
				ALWAYS_SEARCH_USER_PATHS = NO;
				CLANG_CXX_LANGUAGE_STANDARD = "gnu++0x";
				CLANG_CXX_LIBRARY = "libc++";
				CLANG_ENABLE_MODULES = YES;
				CLANG_ENABLE_OBJC_ARC = YES;
				CLANG_WARN_BOOL_CONVERSION = YES;
				CLANG_WARN_CONSTANT_CONVERSION = YES;
				CLANG_WARN_DIRECT_OBJC_ISA_USAGE = YES_ERROR;
				CLANG_WARN_EMPTY_BODY = YES;
				CLANG_WARN_ENUM_CONVERSION = YES;
				CLANG_WARN_INT_CONVERSION = YES;
				CLANG_WARN_OBJC_ROOT_CLASS = YES_ERROR;
				CLANG_WARN_UNREACHABLE_CODE = YES;
				CLANG_WARN__DUPLICATE_METHOD_MATCH = YES;
				"CODE_SIGN_IDENTITY[sdk=iphoneos*]" = "iPhone Developer";
				COPY_PHASE_STRIP = NO;
				ENABLE_STRICT_OBJC_MSGSEND = YES;
				GCC_C_LANGUAGE_STANDARD = gnu99;
				GCC_DYNAMIC_NO_PIC = NO;
				GCC_OPTIMIZATION_LEVEL = 0;
				GCC_PREPROCESSOR_DEFINITIONS = (
					"DEBUG=1",
					"$(inherited)",
				);
				GCC_SYMBOLS_PRIVATE_EXTERN = NO;
				GCC_WARN_64_TO_32_BIT_CONVERSION = YES;
				GCC_WARN_ABOUT_RETURN_TYPE = YES_ERROR;
				GCC_WARN_UNDECLARED_SELECTOR = YES;
				GCC_WARN_UNINITIALIZED_AUTOS = YES_AGGRESSIVE;
				GCC_WARN_UNUSED_FUNCTION = YES;
				GCC_WARN_UNUSED_VARIABLE = YES;
				IPHONEOS_DEPLOYMENT_TARGET = 8.1;
				MTL_ENABLE_DEBUG_INFO = YES;
				ONLY_ACTIVE_ARCH = YES;
				SDKROOT = iphoneos;
				SWIFT_OPTIMIZATION_LEVEL = "-Onone";
			};
			name = Debug;
		};
		72E381101A6AC34A00E56F81 /* Release */ = {
			isa = XCBuildConfiguration;
			buildSettings = {
				ALWAYS_SEARCH_USER_PATHS = NO;
				CLANG_CXX_LANGUAGE_STANDARD = "gnu++0x";
				CLANG_CXX_LIBRARY = "libc++";
				CLANG_ENABLE_MODULES = YES;
				CLANG_ENABLE_OBJC_ARC = YES;
				CLANG_WARN_BOOL_CONVERSION = YES;
				CLANG_WARN_CONSTANT_CONVERSION = YES;
				CLANG_WARN_DIRECT_OBJC_ISA_USAGE = YES_ERROR;
				CLANG_WARN_EMPTY_BODY = YES;
				CLANG_WARN_ENUM_CONVERSION = YES;
				CLANG_WARN_INT_CONVERSION = YES;
				CLANG_WARN_OBJC_ROOT_CLASS = YES_ERROR;
				CLANG_WARN_UNREACHABLE_CODE = YES;
				CLANG_WARN__DUPLICATE_METHOD_MATCH = YES;
				"CODE_SIGN_IDENTITY[sdk=iphoneos*]" = "iPhone Developer";
				COPY_PHASE_STRIP = YES;
				ENABLE_NS_ASSERTIONS = NO;
				ENABLE_STRICT_OBJC_MSGSEND = YES;
				GCC_C_LANGUAGE_STANDARD = gnu99;
				GCC_WARN_64_TO_32_BIT_CONVERSION = YES;
				GCC_WARN_ABOUT_RETURN_TYPE = YES_ERROR;
				GCC_WARN_UNDECLARED_SELECTOR = YES;
				GCC_WARN_UNINITIALIZED_AUTOS = YES_AGGRESSIVE;
				GCC_WARN_UNUSED_FUNCTION = YES;
				GCC_WARN_UNUSED_VARIABLE = YES;
				IPHONEOS_DEPLOYMENT_TARGET = 8.1;
				MTL_ENABLE_DEBUG_INFO = NO;
				SDKROOT = iphoneos;
				VALIDATE_PRODUCT = YES;
			};
			name = Release;
		};
		72E381121A6AC34A00E56F81 /* Debug */ = {
			isa = XCBuildConfiguration;
			buildSettings = {
				ASSETCATALOG_COMPILER_APPICON_NAME = AppIcon;
				INFOPLIST_FILE = Rescue/Info.plist;
				LD_RUNPATH_SEARCH_PATHS = "$(inherited) @executable_path/Frameworks";
				PRODUCT_NAME = "$(TARGET_NAME)";
			};
			name = Debug;
		};
		72E381131A6AC34A00E56F81 /* Release */ = {
			isa = XCBuildConfiguration;
			buildSettings = {
				ASSETCATALOG_COMPILER_APPICON_NAME = AppIcon;
				INFOPLIST_FILE = Rescue/Info.plist;
				LD_RUNPATH_SEARCH_PATHS = "$(inherited) @executable_path/Frameworks";
				PRODUCT_NAME = "$(TARGET_NAME)";
			};
			name = Release;
		};
		72E381151A6AC34A00E56F81 /* Debug */ = {
			isa = XCBuildConfiguration;
			buildSettings = {
				BUNDLE_LOADER = "$(TEST_HOST)";
				FRAMEWORK_SEARCH_PATHS = (
					"$(SDKROOT)/Developer/Library/Frameworks",
					"$(inherited)",
				);
				GCC_PREPROCESSOR_DEFINITIONS = (
					"DEBUG=1",
					"$(inherited)",
				);
				INFOPLIST_FILE = RescueTests/Info.plist;
				LD_RUNPATH_SEARCH_PATHS = "$(inherited) @executable_path/Frameworks @loader_path/Frameworks";
				PRODUCT_NAME = "$(TARGET_NAME)";
				TEST_HOST = "$(BUILT_PRODUCTS_DIR)/Rescue.app/Rescue";
			};
			name = Debug;
		};
		72E381161A6AC34A00E56F81 /* Release */ = {
			isa = XCBuildConfiguration;
			buildSettings = {
				BUNDLE_LOADER = "$(TEST_HOST)";
				FRAMEWORK_SEARCH_PATHS = (
					"$(SDKROOT)/Developer/Library/Frameworks",
					"$(inherited)",
				);
				INFOPLIST_FILE = RescueTests/Info.plist;
				LD_RUNPATH_SEARCH_PATHS = "$(inherited) @executable_path/Frameworks @loader_path/Frameworks";
				PRODUCT_NAME = "$(TARGET_NAME)";
				TEST_HOST = "$(BUILT_PRODUCTS_DIR)/Rescue.app/Rescue";
			};
			name = Release;
		};
/* End XCBuildConfiguration section */

/* Begin XCConfigurationList section */
		72E380ED1A6AC34A00E56F81 /* Build configuration list for PBXProject "Rescue" */ = {
			isa = XCConfigurationList;
			buildConfigurations = (
				72E3810F1A6AC34A00E56F81 /* Debug */,
				72E381101A6AC34A00E56F81 /* Release */,
			);
			defaultConfigurationIsVisible = 0;
			defaultConfigurationName = Release;
		};
		72E381111A6AC34A00E56F81 /* Build configuration list for PBXNativeTarget "Rescue" */ = {
			isa = XCConfigurationList;
			buildConfigurations = (
				72E381121A6AC34A00E56F81 /* Debug */,
				72E381131A6AC34A00E56F81 /* Release */,
			);
			defaultConfigurationIsVisible = 0;
			defaultConfigurationName = Release;
		};
		72E381141A6AC34A00E56F81 /* Build configuration list for PBXNativeTarget "RescueTests" */ = {
			isa = XCConfigurationList;
			buildConfigurations = (
				72E381151A6AC34A00E56F81 /* Debug */,
				72E381161A6AC34A00E56F81 /* Release */,
			);
			defaultConfigurationIsVisible = 0;
			defaultConfigurationName = Release;
		};
/* End XCConfigurationList section */
	};
	rootObject = 72E380EA1A6AC34A00E56F81 /* Project object */;
}
