// !$*UTF8*$!
{
	archiveVersion = 1;
	classes = {
	};
	objectVersion = 46;
	objects = {

/* Begin PBXBuildFile section */
		727159CA1A79D22300DC220A /* AppDelegate.swift in Sources */ = {isa = PBXBuildFile; fileRef = 727159C91A79D22300DC220A /* AppDelegate.swift */; };
		727159CC1A79D22300DC220A /* ViewController.swift in Sources */ = {isa = PBXBuildFile; fileRef = 727159CB1A79D22300DC220A /* ViewController.swift */; };
		727159CF1A79D22300DC220A /* Main.storyboard in Resources */ = {isa = PBXBuildFile; fileRef = 727159CD1A79D22300DC220A /* Main.storyboard */; };
		727159D11A79D22300DC220A /* Images.xcassets in Resources */ = {isa = PBXBuildFile; fileRef = 727159D01A79D22300DC220A /* Images.xcassets */; };
		727159D41A79D22300DC220A /* LaunchScreen.xib in Resources */ = {isa = PBXBuildFile; fileRef = 727159D21A79D22300DC220A /* LaunchScreen.xib */; };
		727159E01A79D22300DC220A /* RescueTests.swift in Sources */ = {isa = PBXBuildFile; fileRef = 727159DF1A79D22300DC220A /* RescueTests.swift */; };
		72E52DD81A79FE0E001D89D9 /* CollectionViewCell.swift in Sources */ = {isa = PBXBuildFile; fileRef = 72E52DD71A79FE0E001D89D9 /* CollectionViewCell.swift */; };
/* End PBXBuildFile section */

/* Begin PBXContainerItemProxy section */
		727159DA1A79D22300DC220A /* PBXContainerItemProxy */ = {
			isa = PBXContainerItemProxy;
			containerPortal = 727159BC1A79D22200DC220A /* Project object */;
			proxyType = 1;
			remoteGlobalIDString = 727159C31A79D22200DC220A;
			remoteInfo = Rescue;
		};
/* End PBXContainerItemProxy section */

/* Begin PBXFileReference section */
		727159C41A79D22200DC220A /* Rescue.app */ = {isa = PBXFileReference; explicitFileType = wrapper.application; includeInIndex = 0; path = Rescue.app; sourceTree = BUILT_PRODUCTS_DIR; };
		727159C81A79D22200DC220A /* Info.plist */ = {isa = PBXFileReference; lastKnownFileType = text.plist.xml; path = Info.plist; sourceTree = "<group>"; };
		727159C91A79D22300DC220A /* AppDelegate.swift */ = {isa = PBXFileReference; lastKnownFileType = sourcecode.swift; path = AppDelegate.swift; sourceTree = "<group>"; };
		727159CB1A79D22300DC220A /* ViewController.swift */ = {isa = PBXFileReference; lastKnownFileType = sourcecode.swift; path = ViewController.swift; sourceTree = "<group>"; };
		727159CE1A79D22300DC220A /* Base */ = {isa = PBXFileReference; lastKnownFileType = file.storyboard; name = Base; path = Base.lproj/Main.storyboard; sourceTree = "<group>"; };
		727159D01A79D22300DC220A /* Images.xcassets */ = {isa = PBXFileReference; lastKnownFileType = folder.assetcatalog; path = Images.xcassets; sourceTree = "<group>"; };
		727159D31A79D22300DC220A /* Base */ = {isa = PBXFileReference; lastKnownFileType = file.xib; name = Base; path = Base.lproj/LaunchScreen.xib; sourceTree = "<group>"; };
		727159D91A79D22300DC220A /* RescueTests.xctest */ = {isa = PBXFileReference; explicitFileType = wrapper.cfbundle; includeInIndex = 0; path = RescueTests.xctest; sourceTree = BUILT_PRODUCTS_DIR; };
		727159DE1A79D22300DC220A /* Info.plist */ = {isa = PBXFileReference; lastKnownFileType = text.plist.xml; path = Info.plist; sourceTree = "<group>"; };
		727159DF1A79D22300DC220A /* RescueTests.swift */ = {isa = PBXFileReference; lastKnownFileType = sourcecode.swift; path = RescueTests.swift; sourceTree = "<group>"; };
		72E52DD71A79FE0E001D89D9 /* CollectionViewCell.swift */ = {isa = PBXFileReference; fileEncoding = 4; lastKnownFileType = sourcecode.swift; path = CollectionViewCell.swift; sourceTree = "<group>"; };
/* End PBXFileReference section */

/* Begin PBXFrameworksBuildPhase section */
		727159C11A79D22200DC220A /* Frameworks */ = {
			isa = PBXFrameworksBuildPhase;
			buildActionMask = 2147483647;
			files = (
			);
			runOnlyForDeploymentPostprocessing = 0;
		};
		727159D61A79D22300DC220A /* Frameworks */ = {
			isa = PBXFrameworksBuildPhase;
			buildActionMask = 2147483647;
			files = (
			);
			runOnlyForDeploymentPostprocessing = 0;
		};
/* End PBXFrameworksBuildPhase section */

/* Begin PBXGroup section */
		727159BB1A79D22200DC220A = {
			isa = PBXGroup;
			children = (
				727159C61A79D22200DC220A /* Rescue */,
				727159DC1A79D22300DC220A /* RescueTests */,
				727159C51A79D22200DC220A /* Products */,
			);
			sourceTree = "<group>";
		};
		727159C51A79D22200DC220A /* Products */ = {
			isa = PBXGroup;
			children = (
				727159C41A79D22200DC220A /* Rescue.app */,
				727159D91A79D22300DC220A /* RescueTests.xctest */,
			);
			name = Products;
			sourceTree = "<group>";
		};
		727159C61A79D22200DC220A /* Rescue */ = {
			isa = PBXGroup;
			children = (
				72E52DD71A79FE0E001D89D9 /* CollectionViewCell.swift */,
				72E52DD61A79FE00001D89D9 /* Utility */,
				727159C91A79D22300DC220A /* AppDelegate.swift */,
				727159CB1A79D22300DC220A /* ViewController.swift */,
				727159CD1A79D22300DC220A /* Main.storyboard */,
				727159D01A79D22300DC220A /* Images.xcassets */,
				727159D21A79D22300DC220A /* LaunchScreen.xib */,
				727159C71A79D22200DC220A /* Supporting Files */,
			);
			path = Rescue;
			sourceTree = "<group>";
		};
		727159C71A79D22200DC220A /* Supporting Files */ = {
			isa = PBXGroup;
			children = (
				727159C81A79D22200DC220A /* Info.plist */,
			);
			name = "Supporting Files";
			sourceTree = "<group>";
		};
		727159DC1A79D22300DC220A /* RescueTests */ = {
			isa = PBXGroup;
			children = (
				727159DF1A79D22300DC220A /* RescueTests.swift */,
				727159DD1A79D22300DC220A /* Supporting Files */,
			);
			path = RescueTests;
			sourceTree = "<group>";
		};
		727159DD1A79D22300DC220A /* Supporting Files */ = {
			isa = PBXGroup;
			children = (
				727159DE1A79D22300DC220A /* Info.plist */,
			);
			name = "Supporting Files";
			sourceTree = "<group>";
		};
		72E52DD61A79FE00001D89D9 /* Utility */ = {
			isa = PBXGroup;
			children = (
			);
			name = Utility;
			sourceTree = "<group>";
		};
/* End PBXGroup section */

/* Begin PBXNativeTarget section */
		727159C31A79D22200DC220A /* Rescue */ = {
			isa = PBXNativeTarget;
			buildConfigurationList = 727159E31A79D22300DC220A /* Build configuration list for PBXNativeTarget "Rescue" */;
			buildPhases = (
				727159C01A79D22200DC220A /* Sources */,
				727159C11A79D22200DC220A /* Frameworks */,
				727159C21A79D22200DC220A /* Resources */,
			);
			buildRules = (
			);
			dependencies = (
			);
			name = Rescue;
			productName = Rescue;
			productReference = 727159C41A79D22200DC220A /* Rescue.app */;
			productType = "com.apple.product-type.application";
		};
		727159D81A79D22300DC220A /* RescueTests */ = {
			isa = PBXNativeTarget;
			buildConfigurationList = 727159E61A79D22300DC220A /* Build configuration list for PBXNativeTarget "RescueTests" */;
			buildPhases = (
				727159D51A79D22300DC220A /* Sources */,
				727159D61A79D22300DC220A /* Frameworks */,
				727159D71A79D22300DC220A /* Resources */,
			);
			buildRules = (
			);
			dependencies = (
				727159DB1A79D22300DC220A /* PBXTargetDependency */,
			);
			name = RescueTests;
			productName = RescueTests;
			productReference = 727159D91A79D22300DC220A /* RescueTests.xctest */;
			productType = "com.apple.product-type.bundle.unit-test";
		};
/* End PBXNativeTarget section */

/* Begin PBXProject section */
		727159BC1A79D22200DC220A /* Project object */ = {
			isa = PBXProject;
			attributes = {
				LastUpgradeCheck = 0610;
				ORGANIZATIONNAME = KKAwesome;
				TargetAttributes = {
					727159C31A79D22200DC220A = {
						CreatedOnToolsVersion = 6.1;
					};
					727159D81A79D22300DC220A = {
						CreatedOnToolsVersion = 6.1;
						TestTargetID = 727159C31A79D22200DC220A;
					};
				};
			};
			buildConfigurationList = 727159BF1A79D22200DC220A /* Build configuration list for PBXProject "Rescue" */;
			compatibilityVersion = "Xcode 3.2";
			developmentRegion = English;
			hasScannedForEncodings = 0;
			knownRegions = (
				en,
				Base,
			);
			mainGroup = 727159BB1A79D22200DC220A;
			productRefGroup = 727159C51A79D22200DC220A /* Products */;
			projectDirPath = "";
			projectRoot = "";
			targets = (
				727159C31A79D22200DC220A /* Rescue */,
				727159D81A79D22300DC220A /* RescueTests */,
			);
		};
/* End PBXProject section */

/* Begin PBXResourcesBuildPhase section */
		727159C21A79D22200DC220A /* Resources */ = {
			isa = PBXResourcesBuildPhase;
			buildActionMask = 2147483647;
			files = (
				727159CF1A79D22300DC220A /* Main.storyboard in Resources */,
				727159D41A79D22300DC220A /* LaunchScreen.xib in Resources */,
				727159D11A79D22300DC220A /* Images.xcassets in Resources */,
			);
			runOnlyForDeploymentPostprocessing = 0;
		};
		727159D71A79D22300DC220A /* Resources */ = {
			isa = PBXResourcesBuildPhase;
			buildActionMask = 2147483647;
			files = (
			);
			runOnlyForDeploymentPostprocessing = 0;
		};
/* End PBXResourcesBuildPhase section */

/* Begin PBXSourcesBuildPhase section */
		727159C01A79D22200DC220A /* Sources */ = {
			isa = PBXSourcesBuildPhase;
			buildActionMask = 2147483647;
			files = (
				727159CC1A79D22300DC220A /* ViewController.swift in Sources */,
				727159CA1A79D22300DC220A /* AppDelegate.swift in Sources */,
				72E52DD81A79FE0E001D89D9 /* CollectionViewCell.swift in Sources */,
			);
			runOnlyForDeploymentPostprocessing = 0;
		};
		727159D51A79D22300DC220A /* Sources */ = {
			isa = PBXSourcesBuildPhase;
			buildActionMask = 2147483647;
			files = (
				727159E01A79D22300DC220A /* RescueTests.swift in Sources */,
			);
			runOnlyForDeploymentPostprocessing = 0;
		};
/* End PBXSourcesBuildPhase section */

/* Begin PBXTargetDependency section */
		727159DB1A79D22300DC220A /* PBXTargetDependency */ = {
			isa = PBXTargetDependency;
			target = 727159C31A79D22200DC220A /* Rescue */;
			targetProxy = 727159DA1A79D22300DC220A /* PBXContainerItemProxy */;
		};
/* End PBXTargetDependency section */

/* Begin PBXVariantGroup section */
		727159CD1A79D22300DC220A /* Main.storyboard */ = {
			isa = PBXVariantGroup;
			children = (
				727159CE1A79D22300DC220A /* Base */,
			);
			name = Main.storyboard;
			sourceTree = "<group>";
		};
		727159D21A79D22300DC220A /* LaunchScreen.xib */ = {
			isa = PBXVariantGroup;
			children = (
				727159D31A79D22300DC220A /* Base */,
			);
			name = LaunchScreen.xib;
			sourceTree = "<group>";
		};
/* End PBXVariantGroup section */

/* Begin XCBuildConfiguration section */
		727159E11A79D22300DC220A /* Debug */ = {
			isa = XCBuildConfiguration;
			buildSettings = {
				ALWAYS_SEARCH_USER_PATHS = NO;
				CLANG_CXX_LANGUAGE_STANDARD = "gnu++0x";
				CLANG_CXX_LIBRARY = "libc++";
				CLANG_ENABLE_MODULES = YES;
				CLANG_ENABLE_OBJC_ARC = YES;
				CLANG_WARN_BOOL_CONVERSION = YES;
				CLANG_WARN_CONSTANT_CONVERSION = YES;
				CLANG_WARN_DIRECT_OBJC_ISA_USAGE = YES_ERROR;
				CLANG_WARN_EMPTY_BODY = YES;
				CLANG_WARN_ENUM_CONVERSION = YES;
				CLANG_WARN_INT_CONVERSION = YES;
				CLANG_WARN_OBJC_ROOT_CLASS = YES_ERROR;
				CLANG_WARN_UNREACHABLE_CODE = YES;
				CLANG_WARN__DUPLICATE_METHOD_MATCH = YES;
				"CODE_SIGN_IDENTITY[sdk=iphoneos*]" = "iPhone Developer";
				COPY_PHASE_STRIP = NO;
				ENABLE_STRICT_OBJC_MSGSEND = YES;
				GCC_C_LANGUAGE_STANDARD = gnu99;
				GCC_DYNAMIC_NO_PIC = NO;
				GCC_OPTIMIZATION_LEVEL = 0;
				GCC_PREPROCESSOR_DEFINITIONS = (
					"DEBUG=1",
					"$(inherited)",
				);
				GCC_SYMBOLS_PRIVATE_EXTERN = NO;
				GCC_WARN_64_TO_32_BIT_CONVERSION = YES;
				GCC_WARN_ABOUT_RETURN_TYPE = YES_ERROR;
				GCC_WARN_UNDECLARED_SELECTOR = YES;
				GCC_WARN_UNINITIALIZED_AUTOS = YES_AGGRESSIVE;
				GCC_WARN_UNUSED_FUNCTION = YES;
				GCC_WARN_UNUSED_VARIABLE = YES;
				IPHONEOS_DEPLOYMENT_TARGET = 8.1;
				MTL_ENABLE_DEBUG_INFO = YES;
				ONLY_ACTIVE_ARCH = YES;
				SDKROOT = iphoneos;
				SWIFT_OPTIMIZATION_LEVEL = "-Onone";
			};
			name = Debug;
		};
		727159E21A79D22300DC220A /* Release */ = {
			isa = XCBuildConfiguration;
			buildSettings = {
				ALWAYS_SEARCH_USER_PATHS = NO;
				CLANG_CXX_LANGUAGE_STANDARD = "gnu++0x";
				CLANG_CXX_LIBRARY = "libc++";
				CLANG_ENABLE_MODULES = YES;
				CLANG_ENABLE_OBJC_ARC = YES;
				CLANG_WARN_BOOL_CONVERSION = YES;
				CLANG_WARN_CONSTANT_CONVERSION = YES;
				CLANG_WARN_DIRECT_OBJC_ISA_USAGE = YES_ERROR;
				CLANG_WARN_EMPTY_BODY = YES;
				CLANG_WARN_ENUM_CONVERSION = YES;
				CLANG_WARN_INT_CONVERSION = YES;
				CLANG_WARN_OBJC_ROOT_CLASS = YES_ERROR;
				CLANG_WARN_UNREACHABLE_CODE = YES;
				CLANG_WARN__DUPLICATE_METHOD_MATCH = YES;
				"CODE_SIGN_IDENTITY[sdk=iphoneos*]" = "iPhone Developer";
				COPY_PHASE_STRIP = YES;
				ENABLE_NS_ASSERTIONS = NO;
				ENABLE_STRICT_OBJC_MSGSEND = YES;
				GCC_C_LANGUAGE_STANDARD = gnu99;
				GCC_WARN_64_TO_32_BIT_CONVERSION = YES;
				GCC_WARN_ABOUT_RETURN_TYPE = YES_ERROR;
				GCC_WARN_UNDECLARED_SELECTOR = YES;
				GCC_WARN_UNINITIALIZED_AUTOS = YES_AGGRESSIVE;
				GCC_WARN_UNUSED_FUNCTION = YES;
				GCC_WARN_UNUSED_VARIABLE = YES;
				IPHONEOS_DEPLOYMENT_TARGET = 8.1;
				MTL_ENABLE_DEBUG_INFO = NO;
				SDKROOT = iphoneos;
				VALIDATE_PRODUCT = YES;
			};
			name = Release;
		};
		727159E41A79D22300DC220A /* Debug */ = {
			isa = XCBuildConfiguration;
			buildSettings = {
				ASSETCATALOG_COMPILER_APPICON_NAME = AppIcon;
				INFOPLIST_FILE = Rescue/Info.plist;
				LD_RUNPATH_SEARCH_PATHS = "$(inherited) @executable_path/Frameworks";
				PRODUCT_NAME = "$(TARGET_NAME)";
			};
			name = Debug;
		};
		727159E51A79D22300DC220A /* Release */ = {
			isa = XCBuildConfiguration;
			buildSettings = {
				ASSETCATALOG_COMPILER_APPICON_NAME = AppIcon;
				INFOPLIST_FILE = Rescue/Info.plist;
				LD_RUNPATH_SEARCH_PATHS = "$(inherited) @executable_path/Frameworks";
				PRODUCT_NAME = "$(TARGET_NAME)";
			};
			name = Release;
		};
		727159E71A79D22300DC220A /* Debug */ = {
			isa = XCBuildConfiguration;
			buildSettings = {
				BUNDLE_LOADER = "$(TEST_HOST)";
				FRAMEWORK_SEARCH_PATHS = (
					"$(SDKROOT)/Developer/Library/Frameworks",
					"$(inherited)",
				);
				GCC_PREPROCESSOR_DEFINITIONS = (
					"DEBUG=1",
					"$(inherited)",
				);
				INFOPLIST_FILE = RescueTests/Info.plist;
				LD_RUNPATH_SEARCH_PATHS = "$(inherited) @executable_path/Frameworks @loader_path/Frameworks";
				PRODUCT_NAME = "$(TARGET_NAME)";
				TEST_HOST = "$(BUILT_PRODUCTS_DIR)/Rescue.app/Rescue";
			};
			name = Debug;
		};
		727159E81A79D22300DC220A /* Release */ = {
			isa = XCBuildConfiguration;
			buildSettings = {
				BUNDLE_LOADER = "$(TEST_HOST)";
				FRAMEWORK_SEARCH_PATHS = (
					"$(SDKROOT)/Developer/Library/Frameworks",
					"$(inherited)",
				);
				INFOPLIST_FILE = RescueTests/Info.plist;
				LD_RUNPATH_SEARCH_PATHS = "$(inherited) @executable_path/Frameworks @loader_path/Frameworks";
				PRODUCT_NAME = "$(TARGET_NAME)";
				TEST_HOST = "$(BUILT_PRODUCTS_DIR)/Rescue.app/Rescue";
			};
			name = Release;
		};
/* End XCBuildConfiguration section */

/* Begin XCConfigurationList section */
		727159BF1A79D22200DC220A /* Build configuration list for PBXProject "Rescue" */ = {
			isa = XCConfigurationList;
			buildConfigurations = (
				727159E11A79D22300DC220A /* Debug */,
				727159E21A79D22300DC220A /* Release */,
			);
			defaultConfigurationIsVisible = 0;
			defaultConfigurationName = Release;
		};
		727159E31A79D22300DC220A /* Build configuration list for PBXNativeTarget "Rescue" */ = {
			isa = XCConfigurationList;
			buildConfigurations = (
				727159E41A79D22300DC220A /* Debug */,
				727159E51A79D22300DC220A /* Release */,
			);
			defaultConfigurationIsVisible = 0;
			defaultConfigurationName = Release;
		};
		727159E61A79D22300DC220A /* Build configuration list for PBXNativeTarget "RescueTests" */ = {
			isa = XCConfigurationList;
			buildConfigurations = (
				727159E71A79D22300DC220A /* Debug */,
				727159E81A79D22300DC220A /* Release */,
			);
			defaultConfigurationIsVisible = 0;
			defaultConfigurationName = Release;
		};
/* End XCConfigurationList section */
	};
	rootObject = 727159BC1A79D22200DC220A /* Project object */;
}
